
Microsoft Visual Studio Solution File, Format Version 12.00
# Visual Studio Version 16
VisualStudioVersion = 16.0.30114.105
MinimumVisualStudioVersion = 10.0.40219.1
Project("{FAE04EC0-301F-11D3-BF4B-00C04F79EFBC}") = "GigHub", "GigHub.csproj", "{5C7B5F6F-45C8-4ED0-BD85-FA79A7D3975B}"
EndProject
Global
	GlobalSection(SolutionConfigurationPlatforms) = preSolution
		Debug|Any CPU = Debug|Any CPU
		Release|Any CPU = Release|Any CPU
	EndGlobalSection
	GlobalSection(ProjectConfigurationPlatforms) = postSolution
		{5C7B5F6F-45C8-4ED0-BD85-FA79A7D3975B}.Debug|Any CPU.ActiveCfg = Debug|Any CPU
		{5C7B5F6F-45C8-4ED0-BD85-FA79A7D3975B}.Debug|Any CPU.Build.0 = Debug|Any CPU
		{5C7B5F6F-45C8-4ED0-BD85-FA79A7D3975B}.Release|Any CPU.ActiveCfg = Release|Any CPU
		{5C7B5F6F-45C8-4ED0-BD85-FA79A7D3975B}.Release|Any CPU.Build.0 = Release|Any CPU
	EndGlobalSection
	GlobalSection(SolutionProperties) = preSolution
		HideSolutionNode = FALSE
	EndGlobalSection
	GlobalSection(ExtensibilityGlobals) = postSolution
		SolutionGuid = {200718B9-891A-42A8-A442-3C83B8404B22}
	EndGlobalSection
EndGlobal
